# This file is automatically @generated by Poetry 2.1.1 and should not be changed by hand.

[[package]]
name = "nexus-rpc"
version = "1.1.0"
description = "Nexus Python SDK"
optional = false
python-versions = ">=3.9"
groups = ["main"]
files = [
    {file = "nexus_rpc-1.1.0-py3-none-any.whl", hash = "sha256:d1b007af2aba186a27e736f8eaae39c03aed05b488084ff6c3d1785c9ba2ad38"},
    {file = "nexus_rpc-1.1.0.tar.gz", hash = "sha256:d65ad6a2f54f14e53ebe39ee30555eaeb894102437125733fb13034a04a44553"},
]

[package.dependencies]
typing-extensions = ">=4.12.2"

[[package]]
name = "protobuf"
version = "6.33.0"
description = ""
optional = false
python-versions = ">=3.9"
groups = ["main"]
files = [
    {file = "protobuf-6.33.0-cp310-abi3-win32.whl", hash = "sha256:d6101ded078042a8f17959eccd9236fb7a9ca20d3b0098bbcb91533a5680d035"},
    {file = "protobuf-6.33.0-cp310-abi3-win_amd64.whl", hash = "sha256:9a031d10f703f03768f2743a1c403af050b6ae1f3480e9c140f39c45f81b13ee"},
    {file = "protobuf-6.33.0-cp39-abi3-macosx_10_9_universal2.whl", hash = "sha256:905b07a65f1a4b72412314082c7dbfae91a9e8b68a0cc1577515f8df58ecf455"},
    {file = "protobuf-6.33.0-cp39-abi3-manylinux2014_aarch64.whl", hash = "sha256:e0697ece353e6239b90ee43a9231318302ad8353c70e6e45499fa52396debf90"},
    {file = "protobuf-6.33.0-cp39-abi3-manylinux2014_s390x.whl", hash = "sha256:e0a1715e4f27355afd9570f3ea369735afc853a6c3951a6afe1f80d8569ad298"},
    {file = "protobuf-6.33.0-cp39-abi3-manylinux2014_x86_64.whl", hash = "sha256:35be49fd3f4fefa4e6e2aacc35e8b837d6703c37a2168a55ac21e9b1bc7559ef"},
    {file = "protobuf-6.33.0-cp39-cp39-win32.whl", hash = "sha256:cd33a8e38ea3e39df66e1bbc462b076d6e5ba3a4ebbde58219d777223a7873d3"},
    {file = "protobuf-6.33.0-cp39-cp39-win_amd64.whl", hash = "sha256:c963e86c3655af3a917962c9619e1a6b9670540351d7af9439d06064e3317cc9"},
    {file = "protobuf-6.33.0-py3-none-any.whl", hash = "sha256:25c9e1963c6734448ea2d308cfa610e692b801304ba0908d7bfa564ac5132995"},
    {file = "protobuf-6.33.0.tar.gz", hash = "sha256:140303d5c8d2037730c548f8c7b93b20bb1dc301be280c378b82b8894589c954"},
]

[[package]]
name = "temporalio"
version = "1.18.1"
description = "Temporal.io Python SDK"
optional = false
python-versions = ">=3.9"
groups = ["main"]
files = [
    {file = "temporalio-1.18.1-cp39-abi3-macosx_10_12_x86_64.whl", hash = "sha256:748c0ec9f48aa1ab612a58fe516d9be28c1dd98194f560fd28a2ab09c6e2ca5e"},
    {file = "temporalio-1.18.1-cp39-abi3-macosx_11_0_arm64.whl", hash = "sha256:5a789e7c483582d6d7dd49e7d2d2730d82dc94d9342fe71be76fa67afa4e6865"},
    {file = "temporalio-1.18.1-cp39-abi3-manylinux_2_17_aarch64.manylinux2014_aarch64.whl", hash = "sha256:a9f5cf75c4b887476a2b39d022a9c44c495f5eb1668087a022bd9258d3adddf9"},
    {file = "temporalio-1.18.1-cp39-abi3-manylinux_2_17_x86_64.manylinux2014_x86_64.whl", hash = "sha256:f28a69394bf18b4a1c22a6a784d348e93482858c505d054570b278f0f5e13e9c"},
    {file = "temporalio-1.18.1-cp39-abi3-win_amd64.whl", hash = "sha256:552b360f9ccdac8d5fc5d19c6578c2f6f634399ccc37439c4794aa58487f7fd5"},
    {file = "temporalio-1.18.1.tar.gz", hash = "sha256:46394498f8822e61b3ce70d6735de7618f5af0501fb90f3f90f4b4f9e7816d77"},
]

[package.dependencies]
nexus-rpc = "1.1.0"
protobuf = ">=3.20,<7.0.0"
types-protobuf = ">=3.20"
typing-extensions = ">=4.2.0,<5"

[package.extras]
grpc = ["grpcio (>=1.48.2,<2)"]
openai-agents = ["eval-type-backport (>=0.2.2) ; python_full_version < \"3.10.0\"", "mcp (>=1.9.4,<2) ; python_full_version >= \"3.10.0\"", "openai-agents (>=0.3,<0.4)"]
opentelemetry = ["opentelemetry-api (>=1.11.1,<2)", "opentelemetry-sdk (>=1.11.1,<2)"]
pydantic = ["pydantic (>=2.0.0,<3)"]

[[package]]
name = "types-protobuf"
version = "6.32.1.20250918"
description = "Typing stubs for protobuf"
optional = false
python-versions = ">=3.9"
groups = ["main"]
files = [
    {file = "types_protobuf-6.32.1.20250918-py3-none-any.whl", hash = "sha256:22ba6133d142d11cc34d3788ad6dead2732368ebb0406eaa7790ea6ae46c8d0b"},
    {file = "types_protobuf-6.32.1.20250918.tar.gz", hash = "sha256:44ce0ae98475909ca72379946ab61a4435eec2a41090821e713c17e8faf5b88f"},
]

[[package]]
name = "typing-extensions"
version = "4.15.0"
description = "Backported and Experimental Type Hints for Python 3.9+"
optional = false
python-versions = ">=3.9"
groups = ["main"]
files = [
    {file = "typing_extensions-4.15.0-py3-none-any.whl", hash = "sha256:f0fa19c6845758ab08074a0cfa8b7aecb71c999ca73d62883bc25cc018c4e548"},
    {file = "typing_extensions-4.15.0.tar.gz", hash = "sha256:0cea48d173cc12fa28ecabc3b837ea3cf6f38c6d1136f85cbaaf598984861466"},
]

[metadata]
lock-version = "2.1"
python-versions = ">=3.13"
content-hash = "8f0318bc9f61277b78ba03a6bc99938b8006b05a20c756da8c12892a7e0db739"
